// !$*UTF8*$!
{
	archiveVersion = 1;
	classes = {
	};
	objectVersion = 46;
	objects = {

/* Begin PBXBuildFile section */
		B5FB8CBD1B9FC15C0039B3AD /* AppDelegate.swift in Sources */ = {isa = PBXBuildFile; fileRef = B5FB8CBC1B9FC15C0039B3AD /* AppDelegate.swift */; };
		B5FB8CBF1B9FC15C0039B3AD /* ViewController.swift in Sources */ = {isa = PBXBuildFile; fileRef = B5FB8CBE1B9FC15C0039B3AD /* ViewController.swift */; };
		B5FB8CC21B9FC15C0039B3AD /* Main.storyboard in Resources */ = {isa = PBXBuildFile; fileRef = B5FB8CC01B9FC15C0039B3AD /* Main.storyboard */; };
		B5FB8CC41B9FC15C0039B3AD /* Images.xcassets in Resources */ = {isa = PBXBuildFile; fileRef = B5FB8CC31B9FC15C0039B3AD /* Images.xcassets */; };
		B5FB8CC71B9FC15C0039B3AD /* LaunchScreen.xib in Resources */ = {isa = PBXBuildFile; fileRef = B5FB8CC51B9FC15C0039B3AD /* LaunchScreen.xib */; };
		B5FB8CD31B9FC15C0039B3AD /* TwitterAppTests.swift in Sources */ = {isa = PBXBuildFile; fileRef = B5FB8CD21B9FC15C0039B3AD /* TwitterAppTests.swift */; };
/* End PBXBuildFile section */

/* Begin PBXContainerItemProxy section */
		B5FB8CCD1B9FC15C0039B3AD /* PBXContainerItemProxy */ = {
			isa = PBXContainerItemProxy;
			containerPortal = B5FB8CAF1B9FC15C0039B3AD /* Project object */;
			proxyType = 1;
			remoteGlobalIDString = B5FB8CB61B9FC15C0039B3AD;
			remoteInfo = TwitterApp;
		};
/* End PBXContainerItemProxy section */

/* Begin PBXFileReference section */
		B5FB8CB71B9FC15C0039B3AD /* TwitterApp.app */ = {isa = PBXFileReference; explicitFileType = wrapper.application; includeInIndex = 0; path = TwitterApp.app; sourceTree = BUILT_PRODUCTS_DIR; };
		B5FB8CBB1B9FC15C0039B3AD /* Info.plist */ = {isa = PBXFileReference; lastKnownFileType = text.plist.xml; path = Info.plist; sourceTree = "<group>"; };
		B5FB8CBC1B9FC15C0039B3AD /* AppDelegate.swift */ = {isa = PBXFileReference; lastKnownFileType = sourcecode.swift; path = AppDelegate.swift; sourceTree = "<group>"; };
		B5FB8CBE1B9FC15C0039B3AD /* ViewController.swift */ = {isa = PBXFileReference; lastKnownFileType = sourcecode.swift; path = ViewController.swift; sourceTree = "<group>"; };
		B5FB8CC11B9FC15C0039B3AD /* Base */ = {isa = PBXFileReference; lastKnownFileType = file.storyboard; name = Base; path = Base.lproj/Main.storyboard; sourceTree = "<group>"; };
		B5FB8CC31B9FC15C0039B3AD /* Images.xcassets */ = {isa = PBXFileReference; lastKnownFileType = folder.assetcatalog; path = Images.xcassets; sourceTree = "<group>"; };
		B5FB8CC61B9FC15C0039B3AD /* Base */ = {isa = PBXFileReference; lastKnownFileType = file.xib; name = Base; path = Base.lproj/LaunchScreen.xib; sourceTree = "<group>"; };
		B5FB8CCC1B9FC15C0039B3AD /* TwitterAppTests.xctest */ = {isa = PBXFileReference; explicitFileType = wrapper.cfbundle; includeInIndex = 0; path = TwitterAppTests.xctest; sourceTree = BUILT_PRODUCTS_DIR; };
		B5FB8CD11B9FC15C0039B3AD /* Info.plist */ = {isa = PBXFileReference; lastKnownFileType = text.plist.xml; path = Info.plist; sourceTree = "<group>"; };
		B5FB8CD21B9FC15C0039B3AD /* TwitterAppTests.swift */ = {isa = PBXFileReference; lastKnownFileType = sourcecode.swift; path = TwitterAppTests.swift; sourceTree = "<group>"; };
/* End PBXFileReference section */

/* Begin PBXFrameworksBuildPhase section */
		B5FB8CB41B9FC15C0039B3AD /* Frameworks */ = {
			isa = PBXFrameworksBuildPhase;
			buildActionMask = 2147483647;
			files = (
			);
			runOnlyForDeploymentPostprocessing = 0;
		};
		B5FB8CC91B9FC15C0039B3AD /* Frameworks */ = {
			isa = PBXFrameworksBuildPhase;
			buildActionMask = 2147483647;
			files = (
			);
			runOnlyForDeploymentPostprocessing = 0;
		};
/* End PBXFrameworksBuildPhase section */

/* Begin PBXGroup section */
		B5FB8CAE1B9FC15C0039B3AD = {
			isa = PBXGroup;
			children = (
				B5FB8CB91B9FC15C0039B3AD /* TwitterApp */,
				B5FB8CCF1B9FC15C0039B3AD /* TwitterAppTests */,
				B5FB8CB81B9FC15C0039B3AD /* Products */,
			);
			sourceTree = "<group>";
		};
		B5FB8CB81B9FC15C0039B3AD /* Products */ = {
			isa = PBXGroup;
			children = (
				B5FB8CB71B9FC15C0039B3AD /* TwitterApp.app */,
				B5FB8CCC1B9FC15C0039B3AD /* TwitterAppTests.xctest */,
			);
			name = Products;
			sourceTree = "<group>";
		};
		B5FB8CB91B9FC15C0039B3AD /* TwitterApp */ = {
			isa = PBXGroup;
			children = (
				B5FB8CBC1B9FC15C0039B3AD /* AppDelegate.swift */,
				B5FB8CBE1B9FC15C0039B3AD /* ViewController.swift */,
				B5FB8CC01B9FC15C0039B3AD /* Main.storyboard */,
				B5FB8CC31B9FC15C0039B3AD /* Images.xcassets */,
				B5FB8CC51B9FC15C0039B3AD /* LaunchScreen.xib */,
				B5FB8CBA1B9FC15C0039B3AD /* Supporting Files */,
			);
			path = TwitterApp;
			sourceTree = "<group>";
		};
		B5FB8CBA1B9FC15C0039B3AD /* Supporting Files */ = {
			isa = PBXGroup;
			children = (
				B5FB8CBB1B9FC15C0039B3AD /* Info.plist */,
			);
			name = "Supporting Files";
			sourceTree = "<group>";
		};
		B5FB8CCF1B9FC15C0039B3AD /* TwitterAppTests */ = {
			isa = PBXGroup;
			children = (
				B5FB8CD21B9FC15C0039B3AD /* TwitterAppTests.swift */,
				B5FB8CD01B9FC15C0039B3AD /* Supporting Files */,
			);
			path = TwitterAppTests;
			sourceTree = "<group>";
		};
		B5FB8CD01B9FC15C0039B3AD /* Supporting Files */ = {
			isa = PBXGroup;
			children = (
				B5FB8CD11B9FC15C0039B3AD /* Info.plist */,
			);
			name = "Supporting Files";
			sourceTree = "<group>";
		};
/* End PBXGroup section */

/* Begin PBXNativeTarget section */
		B5FB8CB61B9FC15C0039B3AD /* TwitterApp */ = {
			isa = PBXNativeTarget;
			buildConfigurationList = B5FB8CD61B9FC15C0039B3AD /* Build configuration list for PBXNativeTarget "TwitterApp" */;
			buildPhases = (
				B5FB8CB31B9FC15C0039B3AD /* Sources */,
				B5FB8CB41B9FC15C0039B3AD /* Frameworks */,
				B5FB8CB51B9FC15C0039B3AD /* Resources */,
			);
			buildRules = (
			);
			dependencies = (
			);
			name = TwitterApp;
			productName = TwitterApp;
			productReference = B5FB8CB71B9FC15C0039B3AD /* TwitterApp.app */;
			productType = "com.apple.product-type.application";
		};
		B5FB8CCB1B9FC15C0039B3AD /* TwitterAppTests */ = {
			isa = PBXNativeTarget;
			buildConfigurationList = B5FB8CD91B9FC15C0039B3AD /* Build configuration list for PBXNativeTarget "TwitterAppTests" */;
			buildPhases = (
				B5FB8CC81B9FC15C0039B3AD /* Sources */,
				B5FB8CC91B9FC15C0039B3AD /* Frameworks */,
				B5FB8CCA1B9FC15C0039B3AD /* Resources */,
			);
			buildRules = (
			);
			dependencies = (
				B5FB8CCE1B9FC15C0039B3AD /* PBXTargetDependency */,
			);
			name = TwitterAppTests;
			productName = TwitterAppTests;
			productReference = B5FB8CCC1B9FC15C0039B3AD /* TwitterAppTests.xctest */;
			productType = "com.apple.product-type.bundle.unit-test";
		};
/* End PBXNativeTarget section */

/* Begin PBXProject section */
		B5FB8CAF1B9FC15C0039B3AD /* Project object */ = {
			isa = PBXProject;
			attributes = {
				LastUpgradeCheck = 0640;
				ORGANIZATIONNAME = codepath;
				TargetAttributes = {
					B5FB8CB61B9FC15C0039B3AD = {
						CreatedOnToolsVersion = 6.4;
					};
					B5FB8CCB1B9FC15C0039B3AD = {
						CreatedOnToolsVersion = 6.4;
						TestTargetID = B5FB8CB61B9FC15C0039B3AD;
					};
				};
			};
			buildConfigurationList = B5FB8CB21B9FC15C0039B3AD /* Build configuration list for PBXProject "TwitterApp" */;
			compatibilityVersion = "Xcode 3.2";
			developmentRegion = English;
			hasScannedForEncodings = 0;
			knownRegions = (
				en,
				Base,
			);
			mainGroup = B5FB8CAE1B9FC15C0039B3AD;
			productRefGroup = B5FB8CB81B9FC15C0039B3AD /* Products */;
			projectDirPath = "";
			projectRoot = "";
			targets = (
				B5FB8CB61B9FC15C0039B3AD /* TwitterApp */,
				B5FB8CCB1B9FC15C0039B3AD /* TwitterAppTests */,
			);
		};
/* End PBXProject section */

/* Begin PBXResourcesBuildPhase section */
		B5FB8CB51B9FC15C0039B3AD /* Resources */ = {
			isa = PBXResourcesBuildPhase;
			buildActionMask = 2147483647;
			files = (
				B5FB8CC21B9FC15C0039B3AD /* Main.storyboard in Resources */,
				B5FB8CC71B9FC15C0039B3AD /* LaunchScreen.xib in Resources */,
				B5FB8CC41B9FC15C0039B3AD /* Images.xcassets in Resources */,
			);
			runOnlyForDeploymentPostprocessing = 0;
		};
		B5FB8CCA1B9FC15C0039B3AD /* Resources */ = {
			isa = PBXResourcesBuildPhase;
			buildActionMask = 2147483647;
			files = (
			);
			runOnlyForDeploymentPostprocessing = 0;
		};
/* End PBXResourcesBuildPhase section */

/* Begin PBXSourcesBuildPhase section */
		B5FB8CB31B9FC15C0039B3AD /* Sources */ = {
			isa = PBXSourcesBuildPhase;
			buildActionMask = 2147483647;
			files = (
				B5FB8CBF1B9FC15C0039B3AD /* ViewController.swift in Sources */,
				B5FB8CBD1B9FC15C0039B3AD /* AppDelegate.swift in Sources */,
			);
			runOnlyForDeploymentPostprocessing = 0;
		};
		B5FB8CC81B9FC15C0039B3AD /* Sources */ = {
			isa = PBXSourcesBuildPhase;
			buildActionMask = 2147483647;
			files = (
				B5FB8CD31B9FC15C0039B3AD /* TwitterAppTests.swift in Sources */,
			);
			runOnlyForDeploymentPostprocessing = 0;
		};
/* End PBXSourcesBuildPhase section */

/* Begin PBXTargetDependency section */
		B5FB8CCE1B9FC15C0039B3AD /* PBXTargetDependency */ = {
			isa = PBXTargetDependency;
			target = B5FB8CB61B9FC15C0039B3AD /* TwitterApp */;
			targetProxy = B5FB8CCD1B9FC15C0039B3AD /* PBXContainerItemProxy */;
		};
/* End PBXTargetDependency section */

/* Begin PBXVariantGroup section */
		B5FB8CC01B9FC15C0039B3AD /* Main.storyboard */ = {
			isa = PBXVariantGroup;
			children = (
				B5FB8CC11B9FC15C0039B3AD /* Base */,
			);
			name = Main.storyboard;
			sourceTree = "<group>";
		};
		B5FB8CC51B9FC15C0039B3AD /* LaunchScreen.xib */ = {
			isa = PBXVariantGroup;
			children = (
				B5FB8CC61B9FC15C0039B3AD /* Base */,
			);
			name = LaunchScreen.xib;
			sourceTree = "<group>";
		};
/* End PBXVariantGroup section */

/* Begin XCBuildConfiguration section */
		B5FB8CD41B9FC15C0039B3AD /* Debug */ = {
			isa = XCBuildConfiguration;
			buildSettings = {
				ALWAYS_SEARCH_USER_PATHS = NO;
				CLANG_CXX_LANGUAGE_STANDARD = "gnu++0x";
				CLANG_CXX_LIBRARY = "libc++";
				CLANG_ENABLE_MODULES = YES;
				CLANG_ENABLE_OBJC_ARC = YES;
				CLANG_WARN_BOOL_CONVERSION = YES;
				CLANG_WARN_CONSTANT_CONVERSION = YES;
				CLANG_WARN_DIRECT_OBJC_ISA_USAGE = YES_ERROR;
				CLANG_WARN_EMPTY_BODY = YES;
				CLANG_WARN_ENUM_CONVERSION = YES;
				CLANG_WARN_INT_CONVERSION = YES;
				CLANG_WARN_OBJC_ROOT_CLASS = YES_ERROR;
				CLANG_WARN_UNREACHABLE_CODE = YES;
				CLANG_WARN__DUPLICATE_METHOD_MATCH = YES;
				"CODE_SIGN_IDENTITY[sdk=iphoneos*]" = "iPhone Developer";
				COPY_PHASE_STRIP = NO;
				DEBUG_INFORMATION_FORMAT = "dwarf-with-dsym";
				ENABLE_STRICT_OBJC_MSGSEND = YES;
				GCC_C_LANGUAGE_STANDARD = gnu99;
				GCC_DYNAMIC_NO_PIC = NO;
				GCC_NO_COMMON_BLOCKS = YES;
				GCC_OPTIMIZATION_LEVEL = 0;
				GCC_PREPROCESSOR_DEFINITIONS = (
					"DEBUG=1",
					"$(inherited)",
				);
				GCC_SYMBOLS_PRIVATE_EXTERN = NO;
				GCC_WARN_64_TO_32_BIT_CONVERSION = YES;
				GCC_WARN_ABOUT_RETURN_TYPE = YES_ERROR;
				GCC_WARN_UNDECLARED_SELECTOR = YES;
				GCC_WARN_UNINITIALIZED_AUTOS = YES_AGGRESSIVE;
				GCC_WARN_UNUSED_FUNCTION = YES;
				GCC_WARN_UNUSED_VARIABLE = YES;
				IPHONEOS_DEPLOYMENT_TARGET = 8.4;
				MTL_ENABLE_DEBUG_INFO = YES;
				ONLY_ACTIVE_ARCH = YES;
				SDKROOT = iphoneos;
				SWIFT_OPTIMIZATION_LEVEL = "-Onone";
			};
			name = Debug;
		};
		B5FB8CD51B9FC15C0039B3AD /* Release */ = {
			isa = XCBuildConfiguration;
			buildSettings = {
				ALWAYS_SEARCH_USER_PATHS = NO;
				CLANG_CXX_LANGUAGE_STANDARD = "gnu++0x";
				CLANG_CXX_LIBRARY = "libc++";
				CLANG_ENABLE_MODULES = YES;
				CLANG_ENABLE_OBJC_ARC = YES;
				CLANG_WARN_BOOL_CONVERSION = YES;
				CLANG_WARN_CONSTANT_CONVERSION = YES;
				CLANG_WARN_DIRECT_OBJC_ISA_USAGE = YES_ERROR;
				CLANG_WARN_EMPTY_BODY = YES;
				CLANG_WARN_ENUM_CONVERSION = YES;
				CLANG_WARN_INT_CONVERSION = YES;
				CLANG_WARN_OBJC_ROOT_CLASS = YES_ERROR;
				CLANG_WARN_UNREACHABLE_CODE = YES;
				CLANG_WARN__DUPLICATE_METHOD_MATCH = YES;
				"CODE_SIGN_IDENTITY[sdk=iphoneos*]" = "iPhone Developer";
				COPY_PHASE_STRIP = NO;
				DEBUG_INFORMATION_FORMAT = "dwarf-with-dsym";
				ENABLE_NS_ASSERTIONS = NO;
				ENABLE_STRICT_OBJC_MSGSEND = YES;
				GCC_C_LANGUAGE_STANDARD = gnu99;
				GCC_NO_COMMON_BLOCKS = YES;
				GCC_WARN_64_TO_32_BIT_CONVERSION = YES;
				GCC_WARN_ABOUT_RETURN_TYPE = YES_ERROR;
				GCC_WARN_UNDECLARED_SELECTOR = YES;
				GCC_WARN_UNINITIALIZED_AUTOS = YES_AGGRESSIVE;
				GCC_WARN_UNUSED_FUNCTION = YES;
				GCC_WARN_UNUSED_VARIABLE = YES;
				IPHONEOS_DEPLOYMENT_TARGET = 8.4;
				MTL_ENABLE_DEBUG_INFO = NO;
				SDKROOT = iphoneos;
				VALIDATE_PRODUCT = YES;
			};
			name = Release;
		};
		B5FB8CD71B9FC15C0039B3AD /* Debug */ = {
			isa = XCBuildConfiguration;
			buildSettings = {
				ASSETCATALOG_COMPILER_APPICON_NAME = AppIcon;
				INFOPLIST_FILE = TwitterApp/Info.plist;
				LD_RUNPATH_SEARCH_PATHS = "$(inherited) @executable_path/Frameworks";
				PRODUCT_NAME = "$(TARGET_NAME)";
			};
			name = Debug;
		};
		B5FB8CD81B9FC15C0039B3AD /* Release */ = {
			isa = XCBuildConfiguration;
			buildSettings = {
				ASSETCATALOG_COMPILER_APPICON_NAME = AppIcon;
				INFOPLIST_FILE = TwitterApp/Info.plist;
				LD_RUNPATH_SEARCH_PATHS = "$(inherited) @executable_path/Frameworks";
				PRODUCT_NAME = "$(TARGET_NAME)";
			};
			name = Release;
		};
		B5FB8CDA1B9FC15C0039B3AD /* Debug */ = {
			isa = XCBuildConfiguration;
			buildSettings = {
				BUNDLE_LOADER = "$(TEST_HOST)";
				FRAMEWORK_SEARCH_PATHS = (
					"$(SDKROOT)/Developer/Library/Frameworks",
					"$(inherited)",
				);
				GCC_PREPROCESSOR_DEFINITIONS = (
					"DEBUG=1",
					"$(inherited)",
				);
				INFOPLIST_FILE = TwitterAppTests/Info.plist;
				LD_RUNPATH_SEARCH_PATHS = "$(inherited) @executable_path/Frameworks @loader_path/Frameworks";
				PRODUCT_NAME = "$(TARGET_NAME)";
				TEST_HOST = "$(BUILT_PRODUCTS_DIR)/TwitterApp.app/TwitterApp";
			};
			name = Debug;
		};
		B5FB8CDB1B9FC15C0039B3AD /* Release */ = {
			isa = XCBuildConfiguration;
			buildSettings = {
				BUNDLE_LOADER = "$(TEST_HOST)";
				FRAMEWORK_SEARCH_PATHS = (
					"$(SDKROOT)/Developer/Library/Frameworks",
					"$(inherited)",
				);
				INFOPLIST_FILE = TwitterAppTests/Info.plist;
				LD_RUNPATH_SEARCH_PATHS = "$(inherited) @executable_path/Frameworks @loader_path/Frameworks";
				PRODUCT_NAME = "$(TARGET_NAME)";
				TEST_HOST = "$(BUILT_PRODUCTS_DIR)/TwitterApp.app/TwitterApp";
			};
			name = Release;
		};
/* End XCBuildConfiguration section */

/* Begin XCConfigurationList section */
		B5FB8CB21B9FC15C0039B3AD /* Build configuration list for PBXProject "TwitterApp" */ = {
			isa = XCConfigurationList;
			buildConfigurations = (
				B5FB8CD41B9FC15C0039B3AD /* Debug */,
				B5FB8CD51B9FC15C0039B3AD /* Release */,
			);
			defaultConfigurationIsVisible = 0;
			defaultConfigurationName = Release;
		};
		B5FB8CD61B9FC15C0039B3AD /* Build configuration list for PBXNativeTarget "TwitterApp" */ = {
			isa = XCConfigurationList;
			buildConfigurations = (
				B5FB8CD71B9FC15C0039B3AD /* Debug */,
				B5FB8CD81B9FC15C0039B3AD /* Release */,
			);
			defaultConfigurationIsVisible = 0;
		};
		B5FB8CD91B9FC15C0039B3AD /* Build configuration list for PBXNativeTarget "TwitterAppTests" */ = {
			isa = XCConfigurationList;
			buildConfigurations = (
				B5FB8CDA1B9FC15C0039B3AD /* Debug */,
				B5FB8CDB1B9FC15C0039B3AD /* Release */,
			);
			defaultConfigurationIsVisible = 0;
		};
/* End XCConfigurationList section */
	};
	rootObject = B5FB8CAF1B9FC15C0039B3AD /* Project object */;
}
